{
  "pins" : [
    {
      "identity" : "swiftly",
      "kind" : "remoteSourceControl",
      "location" : "https://github.com/AhmedUFekry/Swiftly.git",
      "state" : {
        "branch" : "master",
        "revision" : "2e1c332547b51985dc7b55648627b7d8860fe095"
      }
    }
  ],
  "version" : 2
}
