{
  "pins" : [
    {
      "identity" : "swiftly",
      "kind" : "remoteSourceControl",
      "location" : "https://github.com/AhmedUFekry/Swiftly.git",
      "state" : {
        "branch" : "master",
        "revision" : "4ea0f3f66f159a7bdd157aeccbf59a9321627fae"
      }
    }
  ],
  "version" : 2
}
