// !$*UTF8*$!
{
	archiveVersion = 1;
	classes = {
	};
	objectVersion = 56;
	objects = {

/* Begin PBXBuildFile section */
		C83ED8312BBCD957008A5A33 /* SwiftayaTest.xcdatamodeld in Sources */ = {isa = PBXBuildFile; fileRef = C83ED82E2BBCD957008A5A33 /* SwiftayaTest.xcdatamodeld */; };
		C83ED8322BBCD957008A5A33 /* Prooduct.swift in Sources */ = {isa = PBXBuildFile; fileRef = C83ED8302BBCD957008A5A33 /* Prooduct.swift */; };
		C83ED8362BBCD9A5008A5A33 /* ProductLocalDataSource.swift in Sources */ = {isa = PBXBuildFile; fileRef = C83ED8352BBCD9A5008A5A33 /* ProductLocalDataSource.swift */; };
		C83ED8382BBCD9B8008A5A33 /* ProductRemoteDataSource.swift in Sources */ = {isa = PBXBuildFile; fileRef = C83ED8372BBCD9B8008A5A33 /* ProductRemoteDataSource.swift */; };
		C83ED83A2BBCD9C7008A5A33 /* ProductRepository.swift in Sources */ = {isa = PBXBuildFile; fileRef = C83ED8392BBCD9C7008A5A33 /* ProductRepository.swift */; };
		C83ED83C2BBCD9D4008A5A33 /* ProductUseCase.swift in Sources */ = {isa = PBXBuildFile; fileRef = C83ED83B2BBCD9D4008A5A33 /* ProductUseCase.swift */; };
		C83ED83E2BBCD9E2008A5A33 /* ProductVM.swift in Sources */ = {isa = PBXBuildFile; fileRef = C83ED83D2BBCD9E2008A5A33 /* ProductVM.swift */; };
		C83ED8432BBCDA14008A5A33 /* CoreDataStorage.swift in Sources */ = {isa = PBXBuildFile; fileRef = C83ED8402BBCDA14008A5A33 /* CoreDataStorage.swift */; };
		C83ED8442BBCDA14008A5A33 /* CoreDataStorageManagerProtocol.swift in Sources */ = {isa = PBXBuildFile; fileRef = C83ED8412BBCDA14008A5A33 /* CoreDataStorageManagerProtocol.swift */; };
		C83ED8452BBCDA14008A5A33 /* APIEndpoints.swift in Sources */ = {isa = PBXBuildFile; fileRef = C83ED8422BBCDA14008A5A33 /* APIEndpoints.swift */; };
		C86B197C2BB389FE009A906C /* AppDelegate.swift in Sources */ = {isa = PBXBuildFile; fileRef = C86B197B2BB389FE009A906C /* AppDelegate.swift */; };
		C86B197E2BB389FE009A906C /* SceneDelegate.swift in Sources */ = {isa = PBXBuildFile; fileRef = C86B197D2BB389FE009A906C /* SceneDelegate.swift */; };
		C86B19802BB389FE009A906C /* ViewController.swift in Sources */ = {isa = PBXBuildFile; fileRef = C86B197F2BB389FE009A906C /* ViewController.swift */; };
		C86B19832BB389FE009A906C /* Main.storyboard in Resources */ = {isa = PBXBuildFile; fileRef = C86B19812BB389FE009A906C /* Main.storyboard */; };
		C86B19852BB38A00009A906C /* Assets.xcassets in Resources */ = {isa = PBXBuildFile; fileRef = C86B19842BB38A00009A906C /* Assets.xcassets */; };
		C86B19882BB38A00009A906C /* LaunchScreen.storyboard in Resources */ = {isa = PBXBuildFile; fileRef = C86B19862BB38A00009A906C /* LaunchScreen.storyboard */; };
		C86B19932BB38A01009A906C /* SwiftayaTestTests.swift in Sources */ = {isa = PBXBuildFile; fileRef = C86B19922BB38A01009A906C /* SwiftayaTestTests.swift */; };
		C86B199D2BB38A01009A906C /* SwiftayaTestUITests.swift in Sources */ = {isa = PBXBuildFile; fileRef = C86B199C2BB38A01009A906C /* SwiftayaTestUITests.swift */; };
		C86B199F2BB38A01009A906C /* SwiftayaTestUITestsLaunchTests.swift in Sources */ = {isa = PBXBuildFile; fileRef = C86B199E2BB38A01009A906C /* SwiftayaTestUITestsLaunchTests.swift */; };
		C86B19AD2BB38A47009A906C /* Swiftaya in Frameworks */ = {isa = PBXBuildFile; productRef = C86B19AC2BB38A47009A906C /* Swiftaya */; };
		C86B19B52BB38B20009A906C /* UserDto.swift in Sources */ = {isa = PBXBuildFile; fileRef = C86B19B42BB38B20009A906C /* UserDto.swift */; };
		C86B19B72BB38B40009A906C /* Repository.swift in Sources */ = {isa = PBXBuildFile; fileRef = C86B19B62BB38B40009A906C /* Repository.swift */; };
		C86B19B92BB38B82009A906C /* LoginUseCase.swift in Sources */ = {isa = PBXBuildFile; fileRef = C86B19B82BB38B82009A906C /* LoginUseCase.swift */; };
		C86B19BB2BB38BA5009A906C /* LoginViewModel.swift in Sources */ = {isa = PBXBuildFile; fileRef = C86B19BA2BB38BA5009A906C /* LoginViewModel.swift */; };
		C86B19BF2BB38CA1009A906C /* LoginRequest.swift in Sources */ = {isa = PBXBuildFile; fileRef = C86B19BE2BB38CA1009A906C /* LoginRequest.swift */; };
/* End PBXBuildFile section */

/* Begin PBXContainerItemProxy section */
		C86B198F2BB38A01009A906C /* PBXContainerItemProxy */ = {
			isa = PBXContainerItemProxy;
			containerPortal = C86B19702BB389FE009A906C /* Project object */;
			proxyType = 1;
			remoteGlobalIDString = C86B19772BB389FE009A906C;
			remoteInfo = SwiftayaTest;
		};
		C86B19992BB38A01009A906C /* PBXContainerItemProxy */ = {
			isa = PBXContainerItemProxy;
			containerPortal = C86B19702BB389FE009A906C /* Project object */;
			proxyType = 1;
			remoteGlobalIDString = C86B19772BB389FE009A906C;
			remoteInfo = SwiftayaTest;
		};
/* End PBXContainerItemProxy section */

/* Begin PBXFileReference section */
		C83ED82F2BBCD957008A5A33 /* CoreDataModel.xcdatamodel */ = {isa = PBXFileReference; lastKnownFileType = wrapper.xcdatamodel; path = CoreDataModel.xcdatamodel; sourceTree = "<group>"; };
		C83ED8302BBCD957008A5A33 /* Prooduct.swift */ = {isa = PBXFileReference; fileEncoding = 4; lastKnownFileType = sourcecode.swift; path = Prooduct.swift; sourceTree = "<group>"; };
		C83ED8352BBCD9A5008A5A33 /* ProductLocalDataSource.swift */ = {isa = PBXFileReference; fileEncoding = 4; lastKnownFileType = sourcecode.swift; path = ProductLocalDataSource.swift; sourceTree = "<group>"; };
		C83ED8372BBCD9B8008A5A33 /* ProductRemoteDataSource.swift */ = {isa = PBXFileReference; fileEncoding = 4; lastKnownFileType = sourcecode.swift; name = ProductRemoteDataSource.swift; path = ProductsRemoteDataSource/ProductRemoteDataSource.swift; sourceTree = "<group>"; };
		C83ED8392BBCD9C7008A5A33 /* ProductRepository.swift */ = {isa = PBXFileReference; fileEncoding = 4; lastKnownFileType = sourcecode.swift; path = ProductRepository.swift; sourceTree = "<group>"; };
		C83ED83B2BBCD9D4008A5A33 /* ProductUseCase.swift */ = {isa = PBXFileReference; fileEncoding = 4; lastKnownFileType = sourcecode.swift; path = ProductUseCase.swift; sourceTree = "<group>"; };
		C83ED83D2BBCD9E2008A5A33 /* ProductVM.swift */ = {isa = PBXFileReference; fileEncoding = 4; lastKnownFileType = sourcecode.swift; path = ProductVM.swift; sourceTree = "<group>"; };
		C83ED8402BBCDA14008A5A33 /* CoreDataStorage.swift */ = {isa = PBXFileReference; fileEncoding = 4; lastKnownFileType = sourcecode.swift; path = CoreDataStorage.swift; sourceTree = "<group>"; };
		C83ED8412BBCDA14008A5A33 /* CoreDataStorageManagerProtocol.swift */ = {isa = PBXFileReference; fileEncoding = 4; lastKnownFileType = sourcecode.swift; path = CoreDataStorageManagerProtocol.swift; sourceTree = "<group>"; };
		C83ED8422BBCDA14008A5A33 /* APIEndpoints.swift */ = {isa = PBXFileReference; fileEncoding = 4; lastKnownFileType = sourcecode.swift; path = APIEndpoints.swift; sourceTree = "<group>"; };
		C86B19782BB389FE009A906C /* SwiftayaTest.app */ = {isa = PBXFileReference; explicitFileType = wrapper.application; includeInIndex = 0; path = SwiftayaTest.app; sourceTree = BUILT_PRODUCTS_DIR; };
		C86B197B2BB389FE009A906C /* AppDelegate.swift */ = {isa = PBXFileReference; lastKnownFileType = sourcecode.swift; path = AppDelegate.swift; sourceTree = "<group>"; };
		C86B197D2BB389FE009A906C /* SceneDelegate.swift */ = {isa = PBXFileReference; lastKnownFileType = sourcecode.swift; path = SceneDelegate.swift; sourceTree = "<group>"; };
		C86B197F2BB389FE009A906C /* ViewController.swift */ = {isa = PBXFileReference; lastKnownFileType = sourcecode.swift; path = ViewController.swift; sourceTree = "<group>"; };
		C86B19822BB389FE009A906C /* Base */ = {isa = PBXFileReference; lastKnownFileType = file.storyboard; name = Base; path = Base.lproj/Main.storyboard; sourceTree = "<group>"; };
		C86B19842BB38A00009A906C /* Assets.xcassets */ = {isa = PBXFileReference; lastKnownFileType = folder.assetcatalog; path = Assets.xcassets; sourceTree = "<group>"; };
		C86B19872BB38A00009A906C /* Base */ = {isa = PBXFileReference; lastKnownFileType = file.storyboard; name = Base; path = Base.lproj/LaunchScreen.storyboard; sourceTree = "<group>"; };
		C86B19892BB38A00009A906C /* Info.plist */ = {isa = PBXFileReference; lastKnownFileType = text.plist.xml; path = Info.plist; sourceTree = "<group>"; };
		C86B198E2BB38A01009A906C /* SwiftayaTestTests.xctest */ = {isa = PBXFileReference; explicitFileType = wrapper.cfbundle; includeInIndex = 0; path = SwiftayaTestTests.xctest; sourceTree = BUILT_PRODUCTS_DIR; };
		C86B19922BB38A01009A906C /* SwiftayaTestTests.swift */ = {isa = PBXFileReference; lastKnownFileType = sourcecode.swift; path = SwiftayaTestTests.swift; sourceTree = "<group>"; };
		C86B19982BB38A01009A906C /* SwiftayaTestUITests.xctest */ = {isa = PBXFileReference; explicitFileType = wrapper.cfbundle; includeInIndex = 0; path = SwiftayaTestUITests.xctest; sourceTree = BUILT_PRODUCTS_DIR; };
		C86B199C2BB38A01009A906C /* SwiftayaTestUITests.swift */ = {isa = PBXFileReference; lastKnownFileType = sourcecode.swift; path = SwiftayaTestUITests.swift; sourceTree = "<group>"; };
		C86B199E2BB38A01009A906C /* SwiftayaTestUITestsLaunchTests.swift */ = {isa = PBXFileReference; lastKnownFileType = sourcecode.swift; path = SwiftayaTestUITestsLaunchTests.swift; sourceTree = "<group>"; };
		C86B19B42BB38B20009A906C /* UserDto.swift */ = {isa = PBXFileReference; lastKnownFileType = sourcecode.swift; path = UserDto.swift; sourceTree = "<group>"; };
		C86B19B62BB38B40009A906C /* Repository.swift */ = {isa = PBXFileReference; lastKnownFileType = sourcecode.swift; path = Repository.swift; sourceTree = "<group>"; };
		C86B19B82BB38B82009A906C /* LoginUseCase.swift */ = {isa = PBXFileReference; lastKnownFileType = sourcecode.swift; path = LoginUseCase.swift; sourceTree = "<group>"; };
		C86B19BA2BB38BA5009A906C /* LoginViewModel.swift */ = {isa = PBXFileReference; lastKnownFileType = sourcecode.swift; path = LoginViewModel.swift; sourceTree = "<group>"; };
		C86B19BE2BB38CA1009A906C /* LoginRequest.swift */ = {isa = PBXFileReference; lastKnownFileType = sourcecode.swift; path = LoginRequest.swift; sourceTree = "<group>"; };
/* End PBXFileReference section */

/* Begin PBXFrameworksBuildPhase section */
		C86B19752BB389FE009A906C /* Frameworks */ = {
			isa = PBXFrameworksBuildPhase;
			buildActionMask = 2147483647;
			files = (
				C86B19AD2BB38A47009A906C /* Swiftaya in Frameworks */,
			);
			runOnlyForDeploymentPostprocessing = 0;
		};
		C86B198B2BB38A01009A906C /* Frameworks */ = {
			isa = PBXFrameworksBuildPhase;
			buildActionMask = 2147483647;
			files = (
			);
			runOnlyForDeploymentPostprocessing = 0;
		};
		C86B19952BB38A01009A906C /* Frameworks */ = {
			isa = PBXFrameworksBuildPhase;
			buildActionMask = 2147483647;
			files = (
			);
			runOnlyForDeploymentPostprocessing = 0;
		};
/* End PBXFrameworksBuildPhase section */

/* Begin PBXGroup section */
		C83ED83F2BBCDA14008A5A33 /* Services */ = {
			isa = PBXGroup;
			children = (
				C83ED8402BBCDA14008A5A33 /* CoreDataStorage.swift */,
				C83ED8412BBCDA14008A5A33 /* CoreDataStorageManagerProtocol.swift */,
				C83ED8422BBCDA14008A5A33 /* APIEndpoints.swift */,
			);
			path = Services;
			sourceTree = "<group>";
		};
		C86863532BBCBA9B000C40F0 /* Products */ = {
			isa = PBXGroup;
			children = (
				C86863592BBCBB2A000C40F0 /* Presenter */,
				C86863582BBCBB17000C40F0 /* ProductsUseCase */,
				C86863562BBCBADF000C40F0 /* ProductsRepository */,
				C86863552BBCBAD7000C40F0 /* ViewModel */,
				C86863542BBCBACC000C40F0 /* Model */,
			);
			path = Products;
			sourceTree = "<group>";
		};
		C86863542BBCBACC000C40F0 /* Model */ = {
			isa = PBXGroup;
			children = (
				C83ED83F2BBCDA14008A5A33 /* Services */,
				C868635D2BBCBC05000C40F0 /* DataModels */,
			);
			path = Model;
			sourceTree = "<group>";
		};
		C86863552BBCBAD7000C40F0 /* ViewModel */ = {
			isa = PBXGroup;
			children = (
				C83ED83D2BBCD9E2008A5A33 /* ProductVM.swift */,
			);
			path = ViewModel;
			sourceTree = "<group>";
		};
		C86863562BBCBADF000C40F0 /* ProductsRepository */ = {
			isa = PBXGroup;
			children = (
				C83ED8392BBCD9C7008A5A33 /* ProductRepository.swift */,
				C868635F2BBCBC37000C40F0 /* Remote */,
				C868635E2BBCBC24000C40F0 /* Local */,
			);
			path = ProductsRepository;
			sourceTree = "<group>";
		};
		C86863582BBCBB17000C40F0 /* ProductsUseCase */ = {
			isa = PBXGroup;
			children = (
				C83ED83B2BBCD9D4008A5A33 /* ProductUseCase.swift */,
			);
			path = ProductsUseCase;
			sourceTree = "<group>";
		};
		C86863592BBCBB2A000C40F0 /* Presenter */ = {
			isa = PBXGroup;
			children = (
			);
			path = Presenter;
			sourceTree = "<group>";
		};
		C868635B2BBCBB9F000C40F0 /* ProductsRemoteDataSource */ = {
			isa = PBXGroup;
			children = (
			);
			path = ProductsRemoteDataSource;
			sourceTree = "<group>";
		};
		C868635C2BBCBBB2000C40F0 /* ProductsLocalDataSource */ = {
			isa = PBXGroup;
			children = (
				C83ED8352BBCD9A5008A5A33 /* ProductLocalDataSource.swift */,
			);
			path = ProductsLocalDataSource;
			sourceTree = "<group>";
		};
		C868635D2BBCBC05000C40F0 /* DataModels */ = {
			isa = PBXGroup;
			children = (
				C83ED8302BBCD957008A5A33 /* Prooduct.swift */,
			);
			path = DataModels;
			sourceTree = "<group>";
		};
		C868635E2BBCBC24000C40F0 /* Local */ = {
			isa = PBXGroup;
			children = (
				C868635C2BBCBBB2000C40F0 /* ProductsLocalDataSource */,
			);
			path = Local;
			sourceTree = "<group>";
		};
		C868635F2BBCBC37000C40F0 /* Remote */ = {
			isa = PBXGroup;
			children = (
				C868635B2BBCBB9F000C40F0 /* ProductsRemoteDataSource */,
				C83ED8372BBCD9B8008A5A33 /* ProductRemoteDataSource.swift */,
			);
			path = Remote;
			sourceTree = "<group>";
		};
		C86B196F2BB389FE009A906C = {
			isa = PBXGroup;
			children = (
				C86B197A2BB389FE009A906C /* SwiftayaTest */,
				C86B19912BB38A01009A906C /* SwiftayaTestTests */,
				C86B199B2BB38A01009A906C /* SwiftayaTestUITests */,
				C86B19792BB389FE009A906C /* Products */,
			);
			sourceTree = "<group>";
		};
		C86B19792BB389FE009A906C /* Products */ = {
			isa = PBXGroup;
			children = (
				C86B19782BB389FE009A906C /* SwiftayaTest.app */,
				C86B198E2BB38A01009A906C /* SwiftayaTestTests.xctest */,
				C86B19982BB38A01009A906C /* SwiftayaTestUITests.xctest */,
			);
			name = Products;
			sourceTree = "<group>";
		};
		C86B197A2BB389FE009A906C /* SwiftayaTest */ = {
			isa = PBXGroup;
			children = (
				C83ED82E2BBCD957008A5A33 /* SwiftayaTest.xcdatamodeld */,
				C86863532BBCBA9B000C40F0 /* Products */,
				C86B19AE2BB38A58009A906C /* Login */,
				C86B197B2BB389FE009A906C /* AppDelegate.swift */,
				C86B197D2BB389FE009A906C /* SceneDelegate.swift */,
				C86B19812BB389FE009A906C /* Main.storyboard */,
				C86B19842BB38A00009A906C /* Assets.xcassets */,
				C86B19862BB38A00009A906C /* LaunchScreen.storyboard */,
				C86B19892BB38A00009A906C /* Info.plist */,
			);
			path = SwiftayaTest;
			sourceTree = "<group>";
		};
		C86B19912BB38A01009A906C /* SwiftayaTestTests */ = {
			isa = PBXGroup;
			children = (
				C86B19922BB38A01009A906C /* SwiftayaTestTests.swift */,
			);
			path = SwiftayaTestTests;
			sourceTree = "<group>";
		};
		C86B199B2BB38A01009A906C /* SwiftayaTestUITests */ = {
			isa = PBXGroup;
			children = (
				C86B199C2BB38A01009A906C /* SwiftayaTestUITests.swift */,
				C86B199E2BB38A01009A906C /* SwiftayaTestUITestsLaunchTests.swift */,
			);
			path = SwiftayaTestUITests;
			sourceTree = "<group>";
		};
		C86B19AE2BB38A58009A906C /* Login */ = {
			isa = PBXGroup;
			children = (
				C86B19B32BB38AE5009A906C /* UseCase */,
				C86B19B22BB38AA8009A906C /* View */,
				C86B19B12BB38A9D009A906C /* ViewModel */,
				C86B19B02BB38A93009A906C /* Repository */,
				C86B19AF2BB38A6A009A906C /* Model */,
			);
			path = Login;
			sourceTree = "<group>";
		};
		C86B19AF2BB38A6A009A906C /* Model */ = {
			isa = PBXGroup;
			children = (
				C86B19BD2BB38C37009A906C /* DataModels */,
				C86B19BC2BB38C2B009A906C /* Services */,
			);
			path = Model;
			sourceTree = "<group>";
		};
		C86B19B02BB38A93009A906C /* Repository */ = {
			isa = PBXGroup;
			children = (
				C86B19B62BB38B40009A906C /* Repository.swift */,
			);
			path = Repository;
			sourceTree = "<group>";
		};
		C86B19B12BB38A9D009A906C /* ViewModel */ = {
			isa = PBXGroup;
			children = (
				C86B19BA2BB38BA5009A906C /* LoginViewModel.swift */,
			);
			path = ViewModel;
			sourceTree = "<group>";
		};
		C86B19B22BB38AA8009A906C /* View */ = {
			isa = PBXGroup;
			children = (
				C86B197F2BB389FE009A906C /* ViewController.swift */,
			);
			path = View;
			sourceTree = "<group>";
		};
		C86B19B32BB38AE5009A906C /* UseCase */ = {
			isa = PBXGroup;
			children = (
				C86B19B82BB38B82009A906C /* LoginUseCase.swift */,
			);
			path = UseCase;
			sourceTree = "<group>";
		};
		C86B19BC2BB38C2B009A906C /* Services */ = {
			isa = PBXGroup;
			children = (
				C86B19BE2BB38CA1009A906C /* LoginRequest.swift */,
			);
			path = Services;
			sourceTree = "<group>";
		};
		C86B19BD2BB38C37009A906C /* DataModels */ = {
			isa = PBXGroup;
			children = (
				C86B19B42BB38B20009A906C /* UserDto.swift */,
			);
			path = DataModels;
			sourceTree = "<group>";
		};
/* End PBXGroup section */

/* Begin PBXNativeTarget section */
		C86B19772BB389FE009A906C /* SwiftayaTest */ = {
			isa = PBXNativeTarget;
			buildConfigurationList = C86B19A22BB38A01009A906C /* Build configuration list for PBXNativeTarget "SwiftayaTest" */;
			buildPhases = (
				C86B19742BB389FE009A906C /* Sources */,
				C86B19752BB389FE009A906C /* Frameworks */,
				C86B19762BB389FE009A906C /* Resources */,
			);
			buildRules = (
			);
			dependencies = (
			);
			name = SwiftayaTest;
			packageProductDependencies = (
				C86B19AC2BB38A47009A906C /* Swiftaya */,
			);
			productName = SwiftayaTest;
			productReference = C86B19782BB389FE009A906C /* SwiftayaTest.app */;
			productType = "com.apple.product-type.application";
		};
		C86B198D2BB38A01009A906C /* SwiftayaTestTests */ = {
			isa = PBXNativeTarget;
			buildConfigurationList = C86B19A52BB38A01009A906C /* Build configuration list for PBXNativeTarget "SwiftayaTestTests" */;
			buildPhases = (
				C86B198A2BB38A01009A906C /* Sources */,
				C86B198B2BB38A01009A906C /* Frameworks */,
				C86B198C2BB38A01009A906C /* Resources */,
			);
			buildRules = (
			);
			dependencies = (
				C86B19902BB38A01009A906C /* PBXTargetDependency */,
			);
			name = SwiftayaTestTests;
			productName = SwiftayaTestTests;
			productReference = C86B198E2BB38A01009A906C /* SwiftayaTestTests.xctest */;
			productType = "com.apple.product-type.bundle.unit-test";
		};
		C86B19972BB38A01009A906C /* SwiftayaTestUITests */ = {
			isa = PBXNativeTarget;
			buildConfigurationList = C86B19A82BB38A01009A906C /* Build configuration list for PBXNativeTarget "SwiftayaTestUITests" */;
			buildPhases = (
				C86B19942BB38A01009A906C /* Sources */,
				C86B19952BB38A01009A906C /* Frameworks */,
				C86B19962BB38A01009A906C /* Resources */,
			);
			buildRules = (
			);
			dependencies = (
				C86B199A2BB38A01009A906C /* PBXTargetDependency */,
			);
			name = SwiftayaTestUITests;
			productName = SwiftayaTestUITests;
			productReference = C86B19982BB38A01009A906C /* SwiftayaTestUITests.xctest */;
			productType = "com.apple.product-type.bundle.ui-testing";
		};
/* End PBXNativeTarget section */

/* Begin PBXProject section */
		C86B19702BB389FE009A906C /* Project object */ = {
			isa = PBXProject;
			attributes = {
				BuildIndependentTargetsInParallel = 1;
				LastSwiftUpdateCheck = 1420;
				LastUpgradeCheck = 1420;
				TargetAttributes = {
					C86B19772BB389FE009A906C = {
						CreatedOnToolsVersion = 14.2;
					};
					C86B198D2BB38A01009A906C = {
						CreatedOnToolsVersion = 14.2;
						TestTargetID = C86B19772BB389FE009A906C;
					};
					C86B19972BB38A01009A906C = {
						CreatedOnToolsVersion = 14.2;
						TestTargetID = C86B19772BB389FE009A906C;
					};
				};
			};
			buildConfigurationList = C86B19732BB389FE009A906C /* Build configuration list for PBXProject "SwiftayaTest" */;
			compatibilityVersion = "Xcode 14.0";
			developmentRegion = en;
			hasScannedForEncodings = 0;
			knownRegions = (
				en,
				Base,
			);
			mainGroup = C86B196F2BB389FE009A906C;
			packageReferences = (
				C86B19AB2BB38A47009A906C /* XCRemoteSwiftPackageReference "Swiftly" */,
			);
			productRefGroup = C86B19792BB389FE009A906C /* Products */;
			projectDirPath = "";
			projectRoot = "";
			targets = (
				C86B19772BB389FE009A906C /* SwiftayaTest */,
				C86B198D2BB38A01009A906C /* SwiftayaTestTests */,
				C86B19972BB38A01009A906C /* SwiftayaTestUITests */,
			);
		};
/* End PBXProject section */

/* Begin PBXResourcesBuildPhase section */
		C86B19762BB389FE009A906C /* Resources */ = {
			isa = PBXResourcesBuildPhase;
			buildActionMask = 2147483647;
			files = (
				C86B19882BB38A00009A906C /* LaunchScreen.storyboard in Resources */,
				C86B19852BB38A00009A906C /* Assets.xcassets in Resources */,
				C86B19832BB389FE009A906C /* Main.storyboard in Resources */,
			);
			runOnlyForDeploymentPostprocessing = 0;
		};
		C86B198C2BB38A01009A906C /* Resources */ = {
			isa = PBXResourcesBuildPhase;
			buildActionMask = 2147483647;
			files = (
			);
			runOnlyForDeploymentPostprocessing = 0;
		};
		C86B19962BB38A01009A906C /* Resources */ = {
			isa = PBXResourcesBuildPhase;
			buildActionMask = 2147483647;
			files = (
			);
			runOnlyForDeploymentPostprocessing = 0;
		};
/* End PBXResourcesBuildPhase section */

/* Begin PBXSourcesBuildPhase section */
		C86B19742BB389FE009A906C /* Sources */ = {
			isa = PBXSourcesBuildPhase;
			buildActionMask = 2147483647;
			files = (
				C83ED83A2BBCD9C7008A5A33 /* ProductRepository.swift in Sources */,
				C83ED8382BBCD9B8008A5A33 /* ProductRemoteDataSource.swift in Sources */,
				C86B19802BB389FE009A906C /* ViewController.swift in Sources */,
				C83ED8452BBCDA14008A5A33 /* APIEndpoints.swift in Sources */,
				C83ED8322BBCD957008A5A33 /* Prooduct.swift in Sources */,
				C86B197C2BB389FE009A906C /* AppDelegate.swift in Sources */,
				C86B19B72BB38B40009A906C /* Repository.swift in Sources */,
				C86B19B52BB38B20009A906C /* UserDto.swift in Sources */,
				C86B197E2BB389FE009A906C /* SceneDelegate.swift in Sources */,
				C83ED8432BBCDA14008A5A33 /* CoreDataStorage.swift in Sources */,
				C86B19B92BB38B82009A906C /* LoginUseCase.swift in Sources */,
				C86B19BB2BB38BA5009A906C /* LoginViewModel.swift in Sources */,
				C83ED8362BBCD9A5008A5A33 /* ProductLocalDataSource.swift in Sources */,
				C83ED8312BBCD957008A5A33 /* SwiftayaTest.xcdatamodeld in Sources */,
				C86B19BF2BB38CA1009A906C /* LoginRequest.swift in Sources */,
				C83ED8442BBCDA14008A5A33 /* CoreDataStorageManagerProtocol.swift in Sources */,
				C83ED83E2BBCD9E2008A5A33 /* ProductVM.swift in Sources */,
				C83ED83C2BBCD9D4008A5A33 /* ProductUseCase.swift in Sources */,
			);
			runOnlyForDeploymentPostprocessing = 0;
		};
		C86B198A2BB38A01009A906C /* Sources */ = {
			isa = PBXSourcesBuildPhase;
			buildActionMask = 2147483647;
			files = (
				C86B19932BB38A01009A906C /* SwiftayaTestTests.swift in Sources */,
			);
			runOnlyForDeploymentPostprocessing = 0;
		};
		C86B19942BB38A01009A906C /* Sources */ = {
			isa = PBXSourcesBuildPhase;
			buildActionMask = 2147483647;
			files = (
				C86B199F2BB38A01009A906C /* SwiftayaTestUITestsLaunchTests.swift in Sources */,
				C86B199D2BB38A01009A906C /* SwiftayaTestUITests.swift in Sources */,
			);
			runOnlyForDeploymentPostprocessing = 0;
		};
/* End PBXSourcesBuildPhase section */

/* Begin PBXTargetDependency section */
		C86B19902BB38A01009A906C /* PBXTargetDependency */ = {
			isa = PBXTargetDependency;
			target = C86B19772BB389FE009A906C /* SwiftayaTest */;
			targetProxy = C86B198F2BB38A01009A906C /* PBXContainerItemProxy */;
		};
		C86B199A2BB38A01009A906C /* PBXTargetDependency */ = {
			isa = PBXTargetDependency;
			target = C86B19772BB389FE009A906C /* SwiftayaTest */;
			targetProxy = C86B19992BB38A01009A906C /* PBXContainerItemProxy */;
		};
/* End PBXTargetDependency section */

/* Begin PBXVariantGroup section */
		C86B19812BB389FE009A906C /* Main.storyboard */ = {
			isa = PBXVariantGroup;
			children = (
				C86B19822BB389FE009A906C /* Base */,
			);
			name = Main.storyboard;
			sourceTree = "<group>";
		};
		C86B19862BB38A00009A906C /* LaunchScreen.storyboard */ = {
			isa = PBXVariantGroup;
			children = (
				C86B19872BB38A00009A906C /* Base */,
			);
			name = LaunchScreen.storyboard;
			sourceTree = "<group>";
		};
/* End PBXVariantGroup section */

/* Begin XCBuildConfiguration section */
		C86B19A02BB38A01009A906C /* Debug */ = {
			isa = XCBuildConfiguration;
			buildSettings = {
				ALWAYS_SEARCH_USER_PATHS = NO;
				CLANG_ANALYZER_NONNULL = YES;
				CLANG_ANALYZER_NUMBER_OBJECT_CONVERSION = YES_AGGRESSIVE;
				CLANG_CXX_LANGUAGE_STANDARD = "gnu++20";
				CLANG_ENABLE_MODULES = YES;
				CLANG_ENABLE_OBJC_ARC = YES;
				CLANG_ENABLE_OBJC_WEAK = YES;
				CLANG_WARN_BLOCK_CAPTURE_AUTORELEASING = YES;
				CLANG_WARN_BOOL_CONVERSION = YES;
				CLANG_WARN_COMMA = YES;
				CLANG_WARN_CONSTANT_CONVERSION = YES;
				CLANG_WARN_DEPRECATED_OBJC_IMPLEMENTATIONS = YES;
				CLANG_WARN_DIRECT_OBJC_ISA_USAGE = YES_ERROR;
				CLANG_WARN_DOCUMENTATION_COMMENTS = YES;
				CLANG_WARN_EMPTY_BODY = YES;
				CLANG_WARN_ENUM_CONVERSION = YES;
				CLANG_WARN_INFINITE_RECURSION = YES;
				CLANG_WARN_INT_CONVERSION = YES;
				CLANG_WARN_NON_LITERAL_NULL_CONVERSION = YES;
				CLANG_WARN_OBJC_IMPLICIT_RETAIN_SELF = YES;
				CLANG_WARN_OBJC_LITERAL_CONVERSION = YES;
				CLANG_WARN_OBJC_ROOT_CLASS = YES_ERROR;
				CLANG_WARN_QUOTED_INCLUDE_IN_FRAMEWORK_HEADER = YES;
				CLANG_WARN_RANGE_LOOP_ANALYSIS = YES;
				CLANG_WARN_STRICT_PROTOTYPES = YES;
				CLANG_WARN_SUSPICIOUS_MOVE = YES;
				CLANG_WARN_UNGUARDED_AVAILABILITY = YES_AGGRESSIVE;
				CLANG_WARN_UNREACHABLE_CODE = YES;
				CLANG_WARN__DUPLICATE_METHOD_MATCH = YES;
				COPY_PHASE_STRIP = NO;
				DEBUG_INFORMATION_FORMAT = dwarf;
				ENABLE_STRICT_OBJC_MSGSEND = YES;
				ENABLE_TESTABILITY = YES;
				GCC_C_LANGUAGE_STANDARD = gnu11;
				GCC_DYNAMIC_NO_PIC = NO;
				GCC_NO_COMMON_BLOCKS = YES;
				GCC_OPTIMIZATION_LEVEL = 0;
				GCC_PREPROCESSOR_DEFINITIONS = (
					"DEBUG=1",
					"$(inherited)",
				);
				GCC_WARN_64_TO_32_BIT_CONVERSION = YES;
				GCC_WARN_ABOUT_RETURN_TYPE = YES_ERROR;
				GCC_WARN_UNDECLARED_SELECTOR = YES;
				GCC_WARN_UNINITIALIZED_AUTOS = YES_AGGRESSIVE;
				GCC_WARN_UNUSED_FUNCTION = YES;
				GCC_WARN_UNUSED_VARIABLE = YES;
				IPHONEOS_DEPLOYMENT_TARGET = 16.2;
				MTL_ENABLE_DEBUG_INFO = INCLUDE_SOURCE;
				MTL_FAST_MATH = YES;
				ONLY_ACTIVE_ARCH = YES;
				SDKROOT = iphoneos;
				SWIFT_ACTIVE_COMPILATION_CONDITIONS = DEBUG;
				SWIFT_OPTIMIZATION_LEVEL = "-Onone";
			};
			name = Debug;
		};
		C86B19A12BB38A01009A906C /* Release */ = {
			isa = XCBuildConfiguration;
			buildSettings = {
				ALWAYS_SEARCH_USER_PATHS = NO;
				CLANG_ANALYZER_NONNULL = YES;
				CLANG_ANALYZER_NUMBER_OBJECT_CONVERSION = YES_AGGRESSIVE;
				CLANG_CXX_LANGUAGE_STANDARD = "gnu++20";
				CLANG_ENABLE_MODULES = YES;
				CLANG_ENABLE_OBJC_ARC = YES;
				CLANG_ENABLE_OBJC_WEAK = YES;
				CLANG_WARN_BLOCK_CAPTURE_AUTORELEASING = YES;
				CLANG_WARN_BOOL_CONVERSION = YES;
				CLANG_WARN_COMMA = YES;
				CLANG_WARN_CONSTANT_CONVERSION = YES;
				CLANG_WARN_DEPRECATED_OBJC_IMPLEMENTATIONS = YES;
				CLANG_WARN_DIRECT_OBJC_ISA_USAGE = YES_ERROR;
				CLANG_WARN_DOCUMENTATION_COMMENTS = YES;
				CLANG_WARN_EMPTY_BODY = YES;
				CLANG_WARN_ENUM_CONVERSION = YES;
				CLANG_WARN_INFINITE_RECURSION = YES;
				CLANG_WARN_INT_CONVERSION = YES;
				CLANG_WARN_NON_LITERAL_NULL_CONVERSION = YES;
				CLANG_WARN_OBJC_IMPLICIT_RETAIN_SELF = YES;
				CLANG_WARN_OBJC_LITERAL_CONVERSION = YES;
				CLANG_WARN_OBJC_ROOT_CLASS = YES_ERROR;
				CLANG_WARN_QUOTED_INCLUDE_IN_FRAMEWORK_HEADER = YES;
				CLANG_WARN_RANGE_LOOP_ANALYSIS = YES;
				CLANG_WARN_STRICT_PROTOTYPES = YES;
				CLANG_WARN_SUSPICIOUS_MOVE = YES;
				CLANG_WARN_UNGUARDED_AVAILABILITY = YES_AGGRESSIVE;
				CLANG_WARN_UNREACHABLE_CODE = YES;
				CLANG_WARN__DUPLICATE_METHOD_MATCH = YES;
				COPY_PHASE_STRIP = NO;
				DEBUG_INFORMATION_FORMAT = "dwarf-with-dsym";
				ENABLE_NS_ASSERTIONS = NO;
				ENABLE_STRICT_OBJC_MSGSEND = YES;
				GCC_C_LANGUAGE_STANDARD = gnu11;
				GCC_NO_COMMON_BLOCKS = YES;
				GCC_WARN_64_TO_32_BIT_CONVERSION = YES;
				GCC_WARN_ABOUT_RETURN_TYPE = YES_ERROR;
				GCC_WARN_UNDECLARED_SELECTOR = YES;
				GCC_WARN_UNINITIALIZED_AUTOS = YES_AGGRESSIVE;
				GCC_WARN_UNUSED_FUNCTION = YES;
				GCC_WARN_UNUSED_VARIABLE = YES;
				IPHONEOS_DEPLOYMENT_TARGET = 16.2;
				MTL_ENABLE_DEBUG_INFO = NO;
				MTL_FAST_MATH = YES;
				SDKROOT = iphoneos;
				SWIFT_COMPILATION_MODE = wholemodule;
				SWIFT_OPTIMIZATION_LEVEL = "-O";
				VALIDATE_PRODUCT = YES;
			};
			name = Release;
		};
		C86B19A32BB38A01009A906C /* Debug */ = {
			isa = XCBuildConfiguration;
			buildSettings = {
				ASSETCATALOG_COMPILER_APPICON_NAME = AppIcon;
				ASSETCATALOG_COMPILER_GLOBAL_ACCENT_COLOR_NAME = AccentColor;
				CODE_SIGN_STYLE = Automatic;
				CURRENT_PROJECT_VERSION = 1;
				DEVELOPMENT_TEAM = MWZJ3A6CNJ;
				GENERATE_INFOPLIST_FILE = YES;
				INFOPLIST_FILE = SwiftayaTest/Info.plist;
				INFOPLIST_KEY_UIApplicationSupportsIndirectInputEvents = YES;
				INFOPLIST_KEY_UILaunchStoryboardName = LaunchScreen;
				INFOPLIST_KEY_UIMainStoryboardFile = Main;
				INFOPLIST_KEY_UISupportedInterfaceOrientations_iPad = "UIInterfaceOrientationPortrait UIInterfaceOrientationPortraitUpsideDown UIInterfaceOrientationLandscapeLeft UIInterfaceOrientationLandscapeRight";
				INFOPLIST_KEY_UISupportedInterfaceOrientations_iPhone = "UIInterfaceOrientationPortrait UIInterfaceOrientationLandscapeLeft UIInterfaceOrientationLandscapeRight";
				LD_RUNPATH_SEARCH_PATHS = (
					"$(inherited)",
					"@executable_path/Frameworks",
				);
				MARKETING_VERSION = 1.0;
				PRODUCT_BUNDLE_IDENTIFIER = com.ahmedfekry.SwiftayaTest;
				PRODUCT_NAME = "$(TARGET_NAME)";
				SWIFT_EMIT_LOC_STRINGS = YES;
				SWIFT_VERSION = 5.0;
				TARGETED_DEVICE_FAMILY = "1,2";
			};
			name = Debug;
		};
		C86B19A42BB38A01009A906C /* Release */ = {
			isa = XCBuildConfiguration;
			buildSettings = {
				ASSETCATALOG_COMPILER_APPICON_NAME = AppIcon;
				ASSETCATALOG_COMPILER_GLOBAL_ACCENT_COLOR_NAME = AccentColor;
				CODE_SIGN_STYLE = Automatic;
				CURRENT_PROJECT_VERSION = 1;
				DEVELOPMENT_TEAM = MWZJ3A6CNJ;
				GENERATE_INFOPLIST_FILE = YES;
				INFOPLIST_FILE = SwiftayaTest/Info.plist;
				INFOPLIST_KEY_UIApplicationSupportsIndirectInputEvents = YES;
				INFOPLIST_KEY_UILaunchStoryboardName = LaunchScreen;
				INFOPLIST_KEY_UIMainStoryboardFile = Main;
				INFOPLIST_KEY_UISupportedInterfaceOrientations_iPad = "UIInterfaceOrientationPortrait UIInterfaceOrientationPortraitUpsideDown UIInterfaceOrientationLandscapeLeft UIInterfaceOrientationLandscapeRight";
				INFOPLIST_KEY_UISupportedInterfaceOrientations_iPhone = "UIInterfaceOrientationPortrait UIInterfaceOrientationLandscapeLeft UIInterfaceOrientationLandscapeRight";
				LD_RUNPATH_SEARCH_PATHS = (
					"$(inherited)",
					"@executable_path/Frameworks",
				);
				MARKETING_VERSION = 1.0;
				PRODUCT_BUNDLE_IDENTIFIER = com.ahmedfekry.SwiftayaTest;
				PRODUCT_NAME = "$(TARGET_NAME)";
				SWIFT_EMIT_LOC_STRINGS = YES;
				SWIFT_VERSION = 5.0;
				TARGETED_DEVICE_FAMILY = "1,2";
			};
			name = Release;
		};
		C86B19A62BB38A01009A906C /* Debug */ = {
			isa = XCBuildConfiguration;
			buildSettings = {
				ALWAYS_EMBED_SWIFT_STANDARD_LIBRARIES = YES;
				BUNDLE_LOADER = "$(TEST_HOST)";
				CODE_SIGN_STYLE = Automatic;
				CURRENT_PROJECT_VERSION = 1;
				DEVELOPMENT_TEAM = MWZJ3A6CNJ;
				GENERATE_INFOPLIST_FILE = YES;
				IPHONEOS_DEPLOYMENT_TARGET = 16.2;
				MARKETING_VERSION = 1.0;
				PRODUCT_BUNDLE_IDENTIFIER = com.ahmedfekry.SwiftayaTestTests;
				PRODUCT_NAME = "$(TARGET_NAME)";
				SWIFT_EMIT_LOC_STRINGS = NO;
				SWIFT_VERSION = 5.0;
				TARGETED_DEVICE_FAMILY = "1,2";
				TEST_HOST = "$(BUILT_PRODUCTS_DIR)/SwiftayaTest.app/$(BUNDLE_EXECUTABLE_FOLDER_PATH)/SwiftayaTest";
			};
			name = Debug;
		};
		C86B19A72BB38A01009A906C /* Release */ = {
			isa = XCBuildConfiguration;
			buildSettings = {
				ALWAYS_EMBED_SWIFT_STANDARD_LIBRARIES = YES;
				BUNDLE_LOADER = "$(TEST_HOST)";
				CODE_SIGN_STYLE = Automatic;
				CURRENT_PROJECT_VERSION = 1;
				DEVELOPMENT_TEAM = MWZJ3A6CNJ;
				GENERATE_INFOPLIST_FILE = YES;
				IPHONEOS_DEPLOYMENT_TARGET = 16.2;
				MARKETING_VERSION = 1.0;
				PRODUCT_BUNDLE_IDENTIFIER = com.ahmedfekry.SwiftayaTestTests;
				PRODUCT_NAME = "$(TARGET_NAME)";
				SWIFT_EMIT_LOC_STRINGS = NO;
				SWIFT_VERSION = 5.0;
				TARGETED_DEVICE_FAMILY = "1,2";
				TEST_HOST = "$(BUILT_PRODUCTS_DIR)/SwiftayaTest.app/$(BUNDLE_EXECUTABLE_FOLDER_PATH)/SwiftayaTest";
			};
			name = Release;
		};
		C86B19A92BB38A01009A906C /* Debug */ = {
			isa = XCBuildConfiguration;
			buildSettings = {
				ALWAYS_EMBED_SWIFT_STANDARD_LIBRARIES = YES;
				CODE_SIGN_STYLE = Automatic;
				CURRENT_PROJECT_VERSION = 1;
				DEVELOPMENT_TEAM = MWZJ3A6CNJ;
				GENERATE_INFOPLIST_FILE = YES;
				MARKETING_VERSION = 1.0;
				PRODUCT_BUNDLE_IDENTIFIER = com.ahmedfekry.SwiftayaTestUITests;
				PRODUCT_NAME = "$(TARGET_NAME)";
				SWIFT_EMIT_LOC_STRINGS = NO;
				SWIFT_VERSION = 5.0;
				TARGETED_DEVICE_FAMILY = "1,2";
				TEST_TARGET_NAME = SwiftayaTest;
			};
			name = Debug;
		};
		C86B19AA2BB38A01009A906C /* Release */ = {
			isa = XCBuildConfiguration;
			buildSettings = {
				ALWAYS_EMBED_SWIFT_STANDARD_LIBRARIES = YES;
				CODE_SIGN_STYLE = Automatic;
				CURRENT_PROJECT_VERSION = 1;
				DEVELOPMENT_TEAM = MWZJ3A6CNJ;
				GENERATE_INFOPLIST_FILE = YES;
				MARKETING_VERSION = 1.0;
				PRODUCT_BUNDLE_IDENTIFIER = com.ahmedfekry.SwiftayaTestUITests;
				PRODUCT_NAME = "$(TARGET_NAME)";
				SWIFT_EMIT_LOC_STRINGS = NO;
				SWIFT_VERSION = 5.0;
				TARGETED_DEVICE_FAMILY = "1,2";
				TEST_TARGET_NAME = SwiftayaTest;
			};
			name = Release;
		};
/* End XCBuildConfiguration section */

/* Begin XCConfigurationList section */
		C86B19732BB389FE009A906C /* Build configuration list for PBXProject "SwiftayaTest" */ = {
			isa = XCConfigurationList;
			buildConfigurations = (
				C86B19A02BB38A01009A906C /* Debug */,
				C86B19A12BB38A01009A906C /* Release */,
			);
			defaultConfigurationIsVisible = 0;
			defaultConfigurationName = Release;
		};
		C86B19A22BB38A01009A906C /* Build configuration list for PBXNativeTarget "SwiftayaTest" */ = {
			isa = XCConfigurationList;
			buildConfigurations = (
				C86B19A32BB38A01009A906C /* Debug */,
				C86B19A42BB38A01009A906C /* Release */,
			);
			defaultConfigurationIsVisible = 0;
			defaultConfigurationName = Release;
		};
		C86B19A52BB38A01009A906C /* Build configuration list for PBXNativeTarget "SwiftayaTestTests" */ = {
			isa = XCConfigurationList;
			buildConfigurations = (
				C86B19A62BB38A01009A906C /* Debug */,
				C86B19A72BB38A01009A906C /* Release */,
			);
			defaultConfigurationIsVisible = 0;
			defaultConfigurationName = Release;
		};
		C86B19A82BB38A01009A906C /* Build configuration list for PBXNativeTarget "SwiftayaTestUITests" */ = {
			isa = XCConfigurationList;
			buildConfigurations = (
				C86B19A92BB38A01009A906C /* Debug */,
				C86B19AA2BB38A01009A906C /* Release */,
			);
			defaultConfigurationIsVisible = 0;
			defaultConfigurationName = Release;
		};
/* End XCConfigurationList section */

/* Begin XCRemoteSwiftPackageReference section */
		C86B19AB2BB38A47009A906C /* XCRemoteSwiftPackageReference "Swiftly" */ = {
			isa = XCRemoteSwiftPackageReference;
			repositoryURL = "https://github.com/AhmedUFekry/Swiftly.git";
			requirement = {
				branch = master;
				kind = branch;
			};
		};
/* End XCRemoteSwiftPackageReference section */

/* Begin XCSwiftPackageProductDependency section */
		C86B19AC2BB38A47009A906C /* Swiftaya */ = {
			isa = XCSwiftPackageProductDependency;
			package = C86B19AB2BB38A47009A906C /* XCRemoteSwiftPackageReference "Swiftly" */;
			productName = Swiftaya;
		};
/* End XCSwiftPackageProductDependency section */

/* Begin XCVersionGroup section */
		C83ED82E2BBCD957008A5A33 /* SwiftayaTest.xcdatamodeld */ = {
			isa = XCVersionGroup;
			children = (
				C83ED82F2BBCD957008A5A33 /* CoreDataModel.xcdatamodel */,
			);
			currentVersion = C83ED82F2BBCD957008A5A33 /* CoreDataModel.xcdatamodel */;
			path = SwiftayaTest.xcdatamodeld;
			sourceTree = "<group>";
			versionGroupType = wrapper.xcdatamodel;
		};
/* End XCVersionGroup section */
	};
	rootObject = C86B19702BB389FE009A906C /* Project object */;
}
